// !$*UTF8*$!
{
	archiveVersion = 1;
	classes = {
	};
	objectVersion = 56;
	objects = {

/* Begin PBXBuildFile section */
		D35106F02A7798EA00503983 /* BootcampsApp.swift in Sources */ = {isa = PBXBuildFile; fileRef = D35106EF2A7798EA00503983 /* BootcampsApp.swift */; };
		D35106F22A7798EA00503983 /* ContentView.swift in Sources */ = {isa = PBXBuildFile; fileRef = D35106F12A7798EA00503983 /* ContentView.swift */; };
		D35106F42A7798EC00503983 /* Assets.xcassets in Resources */ = {isa = PBXBuildFile; fileRef = D35106F32A7798EC00503983 /* Assets.xcassets */; };
		D35106F72A7798EC00503983 /* Preview Assets.xcassets in Resources */ = {isa = PBXBuildFile; fileRef = D35106F62A7798EC00503983 /* Preview Assets.xcassets */; };
		D351071B2A77991400503983 /* SpacerBootcamps.swift in Sources */ = {isa = PBXBuildFile; fileRef = D35106FD2A77991100503983 /* SpacerBootcamps.swift */; };
		D351071C2A77991400503983 /* ExtractBootcamp.swift in Sources */ = {isa = PBXBuildFile; fileRef = D35106FE2A77991100503983 /* ExtractBootcamp.swift */; };
		D351071D2A77991400503983 /* ShapesBootcamps.swift in Sources */ = {isa = PBXBuildFile; fileRef = D35106FF2A77991100503983 /* ShapesBootcamps.swift */; };
		D351071E2A77991400503983 /* ListBootcamp.swift in Sources */ = {isa = PBXBuildFile; fileRef = D35107002A77991100503983 /* ListBootcamp.swift */; };
		D351071F2A77991400503983 /* BackgroundBootcamps.swift in Sources */ = {isa = PBXBuildFile; fileRef = D35107012A77991100503983 /* BackgroundBootcamps.swift */; };
		D35107202A77991400503983 /* ImageBootcamp.swift in Sources */ = {isa = PBXBuildFile; fileRef = D35107022A77991200503983 /* ImageBootcamp.swift */; };
		D35107212A77991400503983 /* SheetBootcamps.swift in Sources */ = {isa = PBXBuildFile; fileRef = D35107032A77991200503983 /* SheetBootcamps.swift */; };
		D35107222A77991400503983 /* BindingBootcamp.swift in Sources */ = {isa = PBXBuildFile; fileRef = D35107042A77991200503983 /* BindingBootcamp.swift */; };
		D35107232A77991400503983 /* IconBootcamps.swift in Sources */ = {isa = PBXBuildFile; fileRef = D35107052A77991200503983 /* IconBootcamps.swift */; };
		D35107242A77991400503983 /* ScrollViewBootcamps.swift in Sources */ = {isa = PBXBuildFile; fileRef = D35107062A77991200503983 /* ScrollViewBootcamps.swift */; };
		D35107252A77991400503983 /* ConditionBootcamps.swift in Sources */ = {isa = PBXBuildFile; fileRef = D35107072A77991200503983 /* ConditionBootcamps.swift */; };
		D35107262A77991400503983 /* ExtractSubviewBootcamp.swift in Sources */ = {isa = PBXBuildFile; fileRef = D35107082A77991200503983 /* ExtractSubviewBootcamp.swift */; };
		D35107272A77991400503983 /* paddingAndSpaceBootcamps.swift in Sources */ = {isa = PBXBuildFile; fileRef = D35107092A77991200503983 /* paddingAndSpaceBootcamps.swift */; };
		D35107282A77991400503983 /* InitializerBootcamps.swift in Sources */ = {isa = PBXBuildFile; fileRef = D351070A2A77991200503983 /* InitializerBootcamps.swift */; };
		D35107292A77991400503983 /* TernaryBootcamps.swift in Sources */ = {isa = PBXBuildFile; fileRef = D351070B2A77991200503983 /* TernaryBootcamps.swift */; };
		D351072A2A77991400503983 /* ColorsBootcamps.swift in Sources */ = {isa = PBXBuildFile; fileRef = D351070C2A77991200503983 /* ColorsBootcamps.swift */; };
		D351072B2A77991400503983 /* TextBootcamp.swift in Sources */ = {isa = PBXBuildFile; fileRef = D351070D2A77991300503983 /* TextBootcamp.swift */; };
		D351072C2A77991400503983 /* PopoverBootcamps.swift in Sources */ = {isa = PBXBuildFile; fileRef = D351070E2A77991300503983 /* PopoverBootcamps.swift */; };
		D351072D2A77991400503983 /* FrameBootcamps.swift in Sources */ = {isa = PBXBuildFile; fileRef = D351070F2A77991300503983 /* FrameBootcamps.swift */; };
		D351072E2A77991400503983 /* GridBootcamps.swift in Sources */ = {isa = PBXBuildFile; fileRef = D35107102A77991300503983 /* GridBootcamps.swift */; };
		D351072F2A77991400503983 /* GradientsBootcamp.swift in Sources */ = {isa = PBXBuildFile; fileRef = D35107112A77991300503983 /* GradientsBootcamp.swift */; };
		D35107302A77991400503983 /* ButtonBootcamps.swift in Sources */ = {isa = PBXBuildFile; fileRef = D35107122A77991300503983 /* ButtonBootcamps.swift */; };
		D35107312A77991400503983 /* AnimationTimingBootcamp.swift in Sources */ = {isa = PBXBuildFile; fileRef = D35107132A77991300503983 /* AnimationTimingBootcamp.swift */; };
		D35107322A77991400503983 /* ForeachBootcamps.swift in Sources */ = {isa = PBXBuildFile; fileRef = D35107142A77991300503983 /* ForeachBootcamps.swift */; };
		D35107332A77991400503983 /* TransitionBootcamps.swift in Sources */ = {isa = PBXBuildFile; fileRef = D35107152A77991300503983 /* TransitionBootcamps.swift */; };
		D35107342A77991400503983 /* AnimationBootcamps.swift in Sources */ = {isa = PBXBuildFile; fileRef = D35107162A77991300503983 /* AnimationBootcamps.swift */; };
		D35107352A77991400503983 /* StateBootcamp.swift in Sources */ = {isa = PBXBuildFile; fileRef = D35107172A77991400503983 /* StateBootcamp.swift */; };
		D35107362A77991400503983 /* SafeAreaBootcamps.swift in Sources */ = {isa = PBXBuildFile; fileRef = D35107182A77991400503983 /* SafeAreaBootcamps.swift */; };
		D35107372A77991400503983 /* NavigationBootcamps.swift in Sources */ = {isa = PBXBuildFile; fileRef = D35107192A77991400503983 /* NavigationBootcamps.swift */; };
		D35107382A77991400503983 /* StackBootcamps.swift in Sources */ = {isa = PBXBuildFile; fileRef = D351071A2A77991400503983 /* StackBootcamps.swift */; };
		D351073A2A77A88800503983 /* AlertBootcamp.swift in Sources */ = {isa = PBXBuildFile; fileRef = D35107392A77A88800503983 /* AlertBootcamp.swift */; };
		D351073C2A788E4300503983 /* ActionSheetBootcamp.swift in Sources */ = {isa = PBXBuildFile; fileRef = D351073B2A788E4300503983 /* ActionSheetBootcamp.swift */; };
		D351073E2A789C0800503983 /* ContextMenuBootcamp.swift in Sources */ = {isa = PBXBuildFile; fileRef = D351073D2A789C0800503983 /* ContextMenuBootcamp.swift */; };
		D35107402A78A73900503983 /* TextFeildBootcamp.swift in Sources */ = {isa = PBXBuildFile; fileRef = D351073F2A78A73900503983 /* TextFeildBootcamp.swift */; };
		D35107422A78AF6F00503983 /* TextEditorBootcamp.swift in Sources */ = {isa = PBXBuildFile; fileRef = D35107412A78AF6F00503983 /* TextEditorBootcamp.swift */; };
		D35107442A78B24400503983 /* ToggleBootcamp.swift in Sources */ = {isa = PBXBuildFile; fileRef = D35107432A78B24400503983 /* ToggleBootcamp.swift */; };
		D35107462A78D58A00503983 /* PickerBootcamp.swift in Sources */ = {isa = PBXBuildFile; fileRef = D35107452A78D58900503983 /* PickerBootcamp.swift */; };
		D35107482A78E12300503983 /* DatePickerBootcamp.swift in Sources */ = {isa = PBXBuildFile; fileRef = D35107472A78E12300503983 /* DatePickerBootcamp.swift */; };
		D351074A2A78EF9000503983 /* SteeperBootcamp.swift in Sources */ = {isa = PBXBuildFile; fileRef = D35107492A78EF9000503983 /* SteeperBootcamp.swift */; };
		D351074C2A78F41700503983 /* TableViewBootcamp.swift in Sources */ = {isa = PBXBuildFile; fileRef = D351074B2A78F41700503983 /* TableViewBootcamp.swift */; };
/* End PBXBuildFile section */

/* Begin PBXFileReference section */
		D35106EC2A7798EA00503983 /* Bootcamps.app */ = {isa = PBXFileReference; explicitFileType = wrapper.application; includeInIndex = 0; path = Bootcamps.app; sourceTree = BUILT_PRODUCTS_DIR; };
		D35106EF2A7798EA00503983 /* BootcampsApp.swift */ = {isa = PBXFileReference; lastKnownFileType = sourcecode.swift; path = BootcampsApp.swift; sourceTree = "<group>"; };
		D35106F12A7798EA00503983 /* ContentView.swift */ = {isa = PBXFileReference; lastKnownFileType = sourcecode.swift; path = ContentView.swift; sourceTree = "<group>"; };
		D35106F32A7798EC00503983 /* Assets.xcassets */ = {isa = PBXFileReference; lastKnownFileType = folder.assetcatalog; path = Assets.xcassets; sourceTree = "<group>"; };
		D35106F62A7798EC00503983 /* Preview Assets.xcassets */ = {isa = PBXFileReference; lastKnownFileType = folder.assetcatalog; path = "Preview Assets.xcassets"; sourceTree = "<group>"; };
		D35106FD2A77991100503983 /* SpacerBootcamps.swift */ = {isa = PBXFileReference; fileEncoding = 4; lastKnownFileType = sourcecode.swift; path = SpacerBootcamps.swift; sourceTree = "<group>"; };
		D35106FE2A77991100503983 /* ExtractBootcamp.swift */ = {isa = PBXFileReference; fileEncoding = 4; lastKnownFileType = sourcecode.swift; path = ExtractBootcamp.swift; sourceTree = "<group>"; };
		D35106FF2A77991100503983 /* ShapesBootcamps.swift */ = {isa = PBXFileReference; fileEncoding = 4; lastKnownFileType = sourcecode.swift; path = ShapesBootcamps.swift; sourceTree = "<group>"; };
		D35107002A77991100503983 /* ListBootcamp.swift */ = {isa = PBXFileReference; fileEncoding = 4; lastKnownFileType = sourcecode.swift; path = ListBootcamp.swift; sourceTree = "<group>"; };
		D35107012A77991100503983 /* BackgroundBootcamps.swift */ = {isa = PBXFileReference; fileEncoding = 4; lastKnownFileType = sourcecode.swift; path = BackgroundBootcamps.swift; sourceTree = "<group>"; };
		D35107022A77991200503983 /* ImageBootcamp.swift */ = {isa = PBXFileReference; fileEncoding = 4; lastKnownFileType = sourcecode.swift; path = ImageBootcamp.swift; sourceTree = "<group>"; };
		D35107032A77991200503983 /* SheetBootcamps.swift */ = {isa = PBXFileReference; fileEncoding = 4; lastKnownFileType = sourcecode.swift; path = SheetBootcamps.swift; sourceTree = "<group>"; };
		D35107042A77991200503983 /* BindingBootcamp.swift */ = {isa = PBXFileReference; fileEncoding = 4; lastKnownFileType = sourcecode.swift; path = BindingBootcamp.swift; sourceTree = "<group>"; };
		D35107052A77991200503983 /* IconBootcamps.swift */ = {isa = PBXFileReference; fileEncoding = 4; lastKnownFileType = sourcecode.swift; path = IconBootcamps.swift; sourceTree = "<group>"; };
		D35107062A77991200503983 /* ScrollViewBootcamps.swift */ = {isa = PBXFileReference; fileEncoding = 4; lastKnownFileType = sourcecode.swift; path = ScrollViewBootcamps.swift; sourceTree = "<group>"; };
		D35107072A77991200503983 /* ConditionBootcamps.swift */ = {isa = PBXFileReference; fileEncoding = 4; lastKnownFileType = sourcecode.swift; path = ConditionBootcamps.swift; sourceTree = "<group>"; };
		D35107082A77991200503983 /* ExtractSubviewBootcamp.swift */ = {isa = PBXFileReference; fileEncoding = 4; lastKnownFileType = sourcecode.swift; path = ExtractSubviewBootcamp.swift; sourceTree = "<group>"; };
		D35107092A77991200503983 /* paddingAndSpaceBootcamps.swift */ = {isa = PBXFileReference; fileEncoding = 4; lastKnownFileType = sourcecode.swift; path = paddingAndSpaceBootcamps.swift; sourceTree = "<group>"; };
		D351070A2A77991200503983 /* InitializerBootcamps.swift */ = {isa = PBXFileReference; fileEncoding = 4; lastKnownFileType = sourcecode.swift; path = InitializerBootcamps.swift; sourceTree = "<group>"; };
		D351070B2A77991200503983 /* TernaryBootcamps.swift */ = {isa = PBXFileReference; fileEncoding = 4; lastKnownFileType = sourcecode.swift; path = TernaryBootcamps.swift; sourceTree = "<group>"; };
		D351070C2A77991200503983 /* ColorsBootcamps.swift */ = {isa = PBXFileReference; fileEncoding = 4; lastKnownFileType = sourcecode.swift; path = ColorsBootcamps.swift; sourceTree = "<group>"; };
		D351070D2A77991300503983 /* TextBootcamp.swift */ = {isa = PBXFileReference; fileEncoding = 4; lastKnownFileType = sourcecode.swift; path = TextBootcamp.swift; sourceTree = "<group>"; };
		D351070E2A77991300503983 /* PopoverBootcamps.swift */ = {isa = PBXFileReference; fileEncoding = 4; lastKnownFileType = sourcecode.swift; path = PopoverBootcamps.swift; sourceTree = "<group>"; };
		D351070F2A77991300503983 /* FrameBootcamps.swift */ = {isa = PBXFileReference; fileEncoding = 4; lastKnownFileType = sourcecode.swift; path = FrameBootcamps.swift; sourceTree = "<group>"; };
		D35107102A77991300503983 /* GridBootcamps.swift */ = {isa = PBXFileReference; fileEncoding = 4; lastKnownFileType = sourcecode.swift; path = GridBootcamps.swift; sourceTree = "<group>"; };
		D35107112A77991300503983 /* GradientsBootcamp.swift */ = {isa = PBXFileReference; fileEncoding = 4; lastKnownFileType = sourcecode.swift; path = GradientsBootcamp.swift; sourceTree = "<group>"; };
		D35107122A77991300503983 /* ButtonBootcamps.swift */ = {isa = PBXFileReference; fileEncoding = 4; lastKnownFileType = sourcecode.swift; path = ButtonBootcamps.swift; sourceTree = "<group>"; };
		D35107132A77991300503983 /* AnimationTimingBootcamp.swift */ = {isa = PBXFileReference; fileEncoding = 4; lastKnownFileType = sourcecode.swift; path = AnimationTimingBootcamp.swift; sourceTree = "<group>"; };
		D35107142A77991300503983 /* ForeachBootcamps.swift */ = {isa = PBXFileReference; fileEncoding = 4; lastKnownFileType = sourcecode.swift; path = ForeachBootcamps.swift; sourceTree = "<group>"; };
		D35107152A77991300503983 /* TransitionBootcamps.swift */ = {isa = PBXFileReference; fileEncoding = 4; lastKnownFileType = sourcecode.swift; path = TransitionBootcamps.swift; sourceTree = "<group>"; };
		D35107162A77991300503983 /* AnimationBootcamps.swift */ = {isa = PBXFileReference; fileEncoding = 4; lastKnownFileType = sourcecode.swift; path = AnimationBootcamps.swift; sourceTree = "<group>"; };
		D35107172A77991400503983 /* StateBootcamp.swift */ = {isa = PBXFileReference; fileEncoding = 4; lastKnownFileType = sourcecode.swift; path = StateBootcamp.swift; sourceTree = "<group>"; };
		D35107182A77991400503983 /* SafeAreaBootcamps.swift */ = {isa = PBXFileReference; fileEncoding = 4; lastKnownFileType = sourcecode.swift; path = SafeAreaBootcamps.swift; sourceTree = "<group>"; };
		D35107192A77991400503983 /* NavigationBootcamps.swift */ = {isa = PBXFileReference; fileEncoding = 4; lastKnownFileType = sourcecode.swift; path = NavigationBootcamps.swift; sourceTree = "<group>"; };
		D351071A2A77991400503983 /* StackBootcamps.swift */ = {isa = PBXFileReference; fileEncoding = 4; lastKnownFileType = sourcecode.swift; path = StackBootcamps.swift; sourceTree = "<group>"; };
		D35107392A77A88800503983 /* AlertBootcamp.swift */ = {isa = PBXFileReference; lastKnownFileType = sourcecode.swift; path = AlertBootcamp.swift; sourceTree = "<group>"; };
		D351073B2A788E4300503983 /* ActionSheetBootcamp.swift */ = {isa = PBXFileReference; lastKnownFileType = sourcecode.swift; path = ActionSheetBootcamp.swift; sourceTree = "<group>"; };
		D351073D2A789C0800503983 /* ContextMenuBootcamp.swift */ = {isa = PBXFileReference; lastKnownFileType = sourcecode.swift; path = ContextMenuBootcamp.swift; sourceTree = "<group>"; };
		D351073F2A78A73900503983 /* TextFeildBootcamp.swift */ = {isa = PBXFileReference; lastKnownFileType = sourcecode.swift; path = TextFeildBootcamp.swift; sourceTree = "<group>"; };
		D35107412A78AF6F00503983 /* TextEditorBootcamp.swift */ = {isa = PBXFileReference; lastKnownFileType = sourcecode.swift; path = TextEditorBootcamp.swift; sourceTree = "<group>"; };
		D35107432A78B24400503983 /* ToggleBootcamp.swift */ = {isa = PBXFileReference; lastKnownFileType = sourcecode.swift; path = ToggleBootcamp.swift; sourceTree = "<group>"; };
		D35107452A78D58900503983 /* PickerBootcamp.swift */ = {isa = PBXFileReference; lastKnownFileType = sourcecode.swift; path = PickerBootcamp.swift; sourceTree = "<group>"; };
		D35107472A78E12300503983 /* DatePickerBootcamp.swift */ = {isa = PBXFileReference; lastKnownFileType = sourcecode.swift; path = DatePickerBootcamp.swift; sourceTree = "<group>"; };
		D35107492A78EF9000503983 /* SteeperBootcamp.swift */ = {isa = PBXFileReference; lastKnownFileType = sourcecode.swift; path = SteeperBootcamp.swift; sourceTree = "<group>"; };
		D351074B2A78F41700503983 /* TableViewBootcamp.swift */ = {isa = PBXFileReference; lastKnownFileType = sourcecode.swift; path = TableViewBootcamp.swift; sourceTree = "<group>"; };
/* End PBXFileReference section */

/* Begin PBXFrameworksBuildPhase section */
		D35106E92A7798EA00503983 /* Frameworks */ = {
			isa = PBXFrameworksBuildPhase;
			buildActionMask = 2147483647;
			files = (
			);
			runOnlyForDeploymentPostprocessing = 0;
		};
/* End PBXFrameworksBuildPhase section */

/* Begin PBXGroup section */
		D35106E32A7798EA00503983 = {
			isa = PBXGroup;
			children = (
				D35106EE2A7798EA00503983 /* Bootcamps */,
				D35106ED2A7798EA00503983 /* Products */,
			);
			sourceTree = "<group>";
		};
		D35106ED2A7798EA00503983 /* Products */ = {
			isa = PBXGroup;
			children = (
				D35106EC2A7798EA00503983 /* Bootcamps.app */,
			);
			name = Products;
			sourceTree = "<group>";
		};
		D35106EE2A7798EA00503983 /* Bootcamps */ = {
			isa = PBXGroup;
			children = (
				D35106EF2A7798EA00503983 /* BootcampsApp.swift */,
				D35106F12A7798EA00503983 /* ContentView.swift */,
				D35107162A77991300503983 /* AnimationBootcamps.swift */,
				D35107132A77991300503983 /* AnimationTimingBootcamp.swift */,
				D35107012A77991100503983 /* BackgroundBootcamps.swift */,
				D35107042A77991200503983 /* BindingBootcamp.swift */,
				D351073B2A788E4300503983 /* ActionSheetBootcamp.swift */,
				D35107122A77991300503983 /* ButtonBootcamps.swift */,
				D351070C2A77991200503983 /* ColorsBootcamps.swift */,
				D35107432A78B24400503983 /* ToggleBootcamp.swift */,
				D35107072A77991200503983 /* ConditionBootcamps.swift */,
				D35107472A78E12300503983 /* DatePickerBootcamp.swift */,
				D351074B2A78F41700503983 /* TableViewBootcamp.swift */,
				D351073D2A789C0800503983 /* ContextMenuBootcamp.swift */,
				D35107452A78D58900503983 /* PickerBootcamp.swift */,
				D35107492A78EF9000503983 /* SteeperBootcamp.swift */,
				D351073F2A78A73900503983 /* TextFeildBootcamp.swift */,
				D35106FE2A77991100503983 /* ExtractBootcamp.swift */,
				D35107412A78AF6F00503983 /* TextEditorBootcamp.swift */,
				D35107082A77991200503983 /* ExtractSubviewBootcamp.swift */,
				D35107142A77991300503983 /* ForeachBootcamps.swift */,
				D351070F2A77991300503983 /* FrameBootcamps.swift */,
				D35107392A77A88800503983 /* AlertBootcamp.swift */,
				D35107112A77991300503983 /* GradientsBootcamp.swift */,
				D35107102A77991300503983 /* GridBootcamps.swift */,
				D35107052A77991200503983 /* IconBootcamps.swift */,
				D35107022A77991200503983 /* ImageBootcamp.swift */,
				D351070A2A77991200503983 /* InitializerBootcamps.swift */,
				D35107002A77991100503983 /* ListBootcamp.swift */,
				D35107192A77991400503983 /* NavigationBootcamps.swift */,
				D35107092A77991200503983 /* paddingAndSpaceBootcamps.swift */,
				D351070E2A77991300503983 /* PopoverBootcamps.swift */,
				D35107182A77991400503983 /* SafeAreaBootcamps.swift */,
				D35107062A77991200503983 /* ScrollViewBootcamps.swift */,
				D35106FF2A77991100503983 /* ShapesBootcamps.swift */,
				D35107032A77991200503983 /* SheetBootcamps.swift */,
				D35106FD2A77991100503983 /* SpacerBootcamps.swift */,
				D351071A2A77991400503983 /* StackBootcamps.swift */,
				D35107172A77991400503983 /* StateBootcamp.swift */,
				D351070B2A77991200503983 /* TernaryBootcamps.swift */,
				D351070D2A77991300503983 /* TextBootcamp.swift */,
				D35107152A77991300503983 /* TransitionBootcamps.swift */,
				D35106F32A7798EC00503983 /* Assets.xcassets */,
				D35106F52A7798EC00503983 /* Preview Content */,
			);
			path = Bootcamps;
			sourceTree = "<group>";
		};
		D35106F52A7798EC00503983 /* Preview Content */ = {
			isa = PBXGroup;
			children = (
				D35106F62A7798EC00503983 /* Preview Assets.xcassets */,
			);
			path = "Preview Content";
			sourceTree = "<group>";
		};
/* End PBXGroup section */

/* Begin PBXNativeTarget section */
		D35106EB2A7798EA00503983 /* Bootcamps */ = {
			isa = PBXNativeTarget;
			buildConfigurationList = D35106FA2A7798EC00503983 /* Build configuration list for PBXNativeTarget "Bootcamps" */;
			buildPhases = (
				D35106E82A7798EA00503983 /* Sources */,
				D35106E92A7798EA00503983 /* Frameworks */,
				D35106EA2A7798EA00503983 /* Resources */,
			);
			buildRules = (
			);
			dependencies = (
			);
			name = Bootcamps;
			productName = Bootcamps;
			productReference = D35106EC2A7798EA00503983 /* Bootcamps.app */;
			productType = "com.apple.product-type.application";
		};
/* End PBXNativeTarget section */

/* Begin PBXProject section */
		D35106E42A7798EA00503983 /* Project object */ = {
			isa = PBXProject;
			attributes = {
				BuildIndependentTargetsInParallel = 1;
				LastSwiftUpdateCheck = 1430;
				LastUpgradeCheck = 1430;
				TargetAttributes = {
					D35106EB2A7798EA00503983 = {
						CreatedOnToolsVersion = 14.3.1;
					};
				};
			};
			buildConfigurationList = D35106E72A7798EA00503983 /* Build configuration list for PBXProject "Bootcamps" */;
			compatibilityVersion = "Xcode 14.0";
			developmentRegion = en;
			hasScannedForEncodings = 0;
			knownRegions = (
				en,
				Base,
			);
			mainGroup = D35106E32A7798EA00503983;
			productRefGroup = D35106ED2A7798EA00503983 /* Products */;
			projectDirPath = "";
			projectRoot = "";
			targets = (
				D35106EB2A7798EA00503983 /* Bootcamps */,
			);
		};
/* End PBXProject section */

/* Begin PBXResourcesBuildPhase section */
		D35106EA2A7798EA00503983 /* Resources */ = {
			isa = PBXResourcesBuildPhase;
			buildActionMask = 2147483647;
			files = (
				D35106F72A7798EC00503983 /* Preview Assets.xcassets in Resources */,
				D35106F42A7798EC00503983 /* Assets.xcassets in Resources */,
			);
			runOnlyForDeploymentPostprocessing = 0;
		};
/* End PBXResourcesBuildPhase section */

/* Begin PBXSourcesBuildPhase section */
		D35106E82A7798EA00503983 /* Sources */ = {
			isa = PBXSourcesBuildPhase;
			buildActionMask = 2147483647;
			files = (
				D351071C2A77991400503983 /* ExtractBootcamp.swift in Sources */,
				D35107352A77991400503983 /* StateBootcamp.swift in Sources */,
				D35107362A77991400503983 /* SafeAreaBootcamps.swift in Sources */,
				D35107332A77991400503983 /* TransitionBootcamps.swift in Sources */,
				D351074C2A78F41700503983 /* TableViewBootcamp.swift in Sources */,
				D35107422A78AF6F00503983 /* TextEditorBootcamp.swift in Sources */,
				D35107282A77991400503983 /* InitializerBootcamps.swift in Sources */,
				D35107372A77991400503983 /* NavigationBootcamps.swift in Sources */,
				D351072A2A77991400503983 /* ColorsBootcamps.swift in Sources */,
				D351073E2A789C0800503983 /* ContextMenuBootcamp.swift in Sources */,
				D351071D2A77991400503983 /* ShapesBootcamps.swift in Sources */,
				D351074A2A78EF9000503983 /* SteeperBootcamp.swift in Sources */,
				D351071E2A77991400503983 /* ListBootcamp.swift in Sources */,
				D35107232A77991400503983 /* IconBootcamps.swift in Sources */,
				D351071F2A77991400503983 /* BackgroundBootcamps.swift in Sources */,
				D35107402A78A73900503983 /* TextFeildBootcamp.swift in Sources */,
				D35106F22A7798EA00503983 /* ContentView.swift in Sources */,
				D351073A2A77A88800503983 /* AlertBootcamp.swift in Sources */,
				D35107242A77991400503983 /* ScrollViewBootcamps.swift in Sources */,
				D35107382A77991400503983 /* StackBootcamps.swift in Sources */,
				D351071B2A77991400503983 /* SpacerBootcamps.swift in Sources */,
				D35107462A78D58A00503983 /* PickerBootcamp.swift in Sources */,
				D351072F2A77991400503983 /* GradientsBootcamp.swift in Sources */,
				D351073C2A788E4300503983 /* ActionSheetBootcamp.swift in Sources */,
				D351072B2A77991400503983 /* TextBootcamp.swift in Sources */,
				D35107302A77991400503983 /* ButtonBootcamps.swift in Sources */,
				D35107262A77991400503983 /* ExtractSubviewBootcamp.swift in Sources */,
				D35107442A78B24400503983 /* ToggleBootcamp.swift in Sources */,
				D35107252A77991400503983 /* ConditionBootcamps.swift in Sources */,
				D35107202A77991400503983 /* ImageBootcamp.swift in Sources */,
				D351072E2A77991400503983 /* GridBootcamps.swift in Sources */,
				D35106F02A7798EA00503983 /* BootcampsApp.swift in Sources */,
				D35107272A77991400503983 /* paddingAndSpaceBootcamps.swift in Sources */,
				D35107322A77991400503983 /* ForeachBootcamps.swift in Sources */,
				D351072C2A77991400503983 /* PopoverBootcamps.swift in Sources */,
				D35107222A77991400503983 /* BindingBootcamp.swift in Sources */,
				D35107342A77991400503983 /* AnimationBootcamps.swift in Sources */,
				D351072D2A77991400503983 /* FrameBootcamps.swift in Sources */,
				D35107482A78E12300503983 /* DatePickerBootcamp.swift in Sources */,
				D35107212A77991400503983 /* SheetBootcamps.swift in Sources */,
				D35107312A77991400503983 /* AnimationTimingBootcamp.swift in Sources */,
				D35107292A77991400503983 /* TernaryBootcamps.swift in Sources */,
			);
			runOnlyForDeploymentPostprocessing = 0;
		};
/* End PBXSourcesBuildPhase section */

/* Begin XCBuildConfiguration section */
		D35106F82A7798EC00503983 /* Debug */ = {
			isa = XCBuildConfiguration;
			buildSettings = {
				ALWAYS_SEARCH_USER_PATHS = NO;
				CLANG_ANALYZER_NONNULL = YES;
				CLANG_ANALYZER_NUMBER_OBJECT_CONVERSION = YES_AGGRESSIVE;
				CLANG_CXX_LANGUAGE_STANDARD = "gnu++20";
				CLANG_ENABLE_MODULES = YES;
				CLANG_ENABLE_OBJC_ARC = YES;
				CLANG_ENABLE_OBJC_WEAK = YES;
				CLANG_WARN_BLOCK_CAPTURE_AUTORELEASING = YES;
				CLANG_WARN_BOOL_CONVERSION = YES;
				CLANG_WARN_COMMA = YES;
				CLANG_WARN_CONSTANT_CONVERSION = YES;
				CLANG_WARN_DEPRECATED_OBJC_IMPLEMENTATIONS = YES;
				CLANG_WARN_DIRECT_OBJC_ISA_USAGE = YES_ERROR;
				CLANG_WARN_DOCUMENTATION_COMMENTS = YES;
				CLANG_WARN_EMPTY_BODY = YES;
				CLANG_WARN_ENUM_CONVERSION = YES;
				CLANG_WARN_INFINITE_RECURSION = YES;
				CLANG_WARN_INT_CONVERSION = YES;
				CLANG_WARN_NON_LITERAL_NULL_CONVERSION = YES;
				CLANG_WARN_OBJC_IMPLICIT_RETAIN_SELF = YES;
				CLANG_WARN_OBJC_LITERAL_CONVERSION = YES;
				CLANG_WARN_OBJC_ROOT_CLASS = YES_ERROR;
				CLANG_WARN_QUOTED_INCLUDE_IN_FRAMEWORK_HEADER = YES;
				CLANG_WARN_RANGE_LOOP_ANALYSIS = YES;
				CLANG_WARN_STRICT_PROTOTYPES = YES;
				CLANG_WARN_SUSPICIOUS_MOVE = YES;
				CLANG_WARN_UNGUARDED_AVAILABILITY = YES_AGGRESSIVE;
				CLANG_WARN_UNREACHABLE_CODE = YES;
				CLANG_WARN__DUPLICATE_METHOD_MATCH = YES;
				COPY_PHASE_STRIP = NO;
				DEBUG_INFORMATION_FORMAT = dwarf;
				ENABLE_STRICT_OBJC_MSGSEND = YES;
				ENABLE_TESTABILITY = YES;
				GCC_C_LANGUAGE_STANDARD = gnu11;
				GCC_DYNAMIC_NO_PIC = NO;
				GCC_NO_COMMON_BLOCKS = YES;
				GCC_OPTIMIZATION_LEVEL = 0;
				GCC_PREPROCESSOR_DEFINITIONS = (
					"DEBUG=1",
					"$(inherited)",
				);
				GCC_WARN_64_TO_32_BIT_CONVERSION = YES;
				GCC_WARN_ABOUT_RETURN_TYPE = YES_ERROR;
				GCC_WARN_UNDECLARED_SELECTOR = YES;
				GCC_WARN_UNINITIALIZED_AUTOS = YES_AGGRESSIVE;
				GCC_WARN_UNUSED_FUNCTION = YES;
				GCC_WARN_UNUSED_VARIABLE = YES;
				IPHONEOS_DEPLOYMENT_TARGET = 16.4;
				MTL_ENABLE_DEBUG_INFO = INCLUDE_SOURCE;
				MTL_FAST_MATH = YES;
				ONLY_ACTIVE_ARCH = YES;
				SDKROOT = iphoneos;
				SWIFT_ACTIVE_COMPILATION_CONDITIONS = DEBUG;
				SWIFT_OPTIMIZATION_LEVEL = "-Onone";
			};
			name = Debug;
		};
		D35106F92A7798EC00503983 /* Release */ = {
			isa = XCBuildConfiguration;
			buildSettings = {
				ALWAYS_SEARCH_USER_PATHS = NO;
				CLANG_ANALYZER_NONNULL = YES;
				CLANG_ANALYZER_NUMBER_OBJECT_CONVERSION = YES_AGGRESSIVE;
				CLANG_CXX_LANGUAGE_STANDARD = "gnu++20";
				CLANG_ENABLE_MODULES = YES;
				CLANG_ENABLE_OBJC_ARC = YES;
				CLANG_ENABLE_OBJC_WEAK = YES;
				CLANG_WARN_BLOCK_CAPTURE_AUTORELEASING = YES;
				CLANG_WARN_BOOL_CONVERSION = YES;
				CLANG_WARN_COMMA = YES;
				CLANG_WARN_CONSTANT_CONVERSION = YES;
				CLANG_WARN_DEPRECATED_OBJC_IMPLEMENTATIONS = YES;
				CLANG_WARN_DIRECT_OBJC_ISA_USAGE = YES_ERROR;
				CLANG_WARN_DOCUMENTATION_COMMENTS = YES;
				CLANG_WARN_EMPTY_BODY = YES;
				CLANG_WARN_ENUM_CONVERSION = YES;
				CLANG_WARN_INFINITE_RECURSION = YES;
				CLANG_WARN_INT_CONVERSION = YES;
				CLANG_WARN_NON_LITERAL_NULL_CONVERSION = YES;
				CLANG_WARN_OBJC_IMPLICIT_RETAIN_SELF = YES;
				CLANG_WARN_OBJC_LITERAL_CONVERSION = YES;
				CLANG_WARN_OBJC_ROOT_CLASS = YES_ERROR;
				CLANG_WARN_QUOTED_INCLUDE_IN_FRAMEWORK_HEADER = YES;
				CLANG_WARN_RANGE_LOOP_ANALYSIS = YES;
				CLANG_WARN_STRICT_PROTOTYPES = YES;
				CLANG_WARN_SUSPICIOUS_MOVE = YES;
				CLANG_WARN_UNGUARDED_AVAILABILITY = YES_AGGRESSIVE;
				CLANG_WARN_UNREACHABLE_CODE = YES;
				CLANG_WARN__DUPLICATE_METHOD_MATCH = YES;
				COPY_PHASE_STRIP = NO;
				DEBUG_INFORMATION_FORMAT = "dwarf-with-dsym";
				ENABLE_NS_ASSERTIONS = NO;
				ENABLE_STRICT_OBJC_MSGSEND = YES;
				GCC_C_LANGUAGE_STANDARD = gnu11;
				GCC_NO_COMMON_BLOCKS = YES;
				GCC_WARN_64_TO_32_BIT_CONVERSION = YES;
				GCC_WARN_ABOUT_RETURN_TYPE = YES_ERROR;
				GCC_WARN_UNDECLARED_SELECTOR = YES;
				GCC_WARN_UNINITIALIZED_AUTOS = YES_AGGRESSIVE;
				GCC_WARN_UNUSED_FUNCTION = YES;
				GCC_WARN_UNUSED_VARIABLE = YES;
				IPHONEOS_DEPLOYMENT_TARGET = 16.4;
				MTL_ENABLE_DEBUG_INFO = NO;
				MTL_FAST_MATH = YES;
				SDKROOT = iphoneos;
				SWIFT_COMPILATION_MODE = wholemodule;
				SWIFT_OPTIMIZATION_LEVEL = "-O";
				VALIDATE_PRODUCT = YES;
			};
			name = Release;
		};
		D35106FB2A7798EC00503983 /* Debug */ = {
			isa = XCBuildConfiguration;
			buildSettings = {
				ASSETCATALOG_COMPILER_APPICON_NAME = AppIcon;
				ASSETCATALOG_COMPILER_GLOBAL_ACCENT_COLOR_NAME = AccentColor;
				CODE_SIGN_STYLE = Automatic;
				CURRENT_PROJECT_VERSION = 1;
				DEVELOPMENT_ASSET_PATHS = "\"Bootcamps/Preview Content\"";
				DEVELOPMENT_TEAM = Z78Z73CWZJ;
				ENABLE_PREVIEWS = YES;
				GENERATE_INFOPLIST_FILE = YES;
				INFOPLIST_KEY_UIApplicationSceneManifest_Generation = YES;
				INFOPLIST_KEY_UIApplicationSupportsIndirectInputEvents = YES;
				INFOPLIST_KEY_UILaunchScreen_Generation = YES;
				INFOPLIST_KEY_UISupportedInterfaceOrientations_iPad = "UIInterfaceOrientationPortrait UIInterfaceOrientationPortraitUpsideDown UIInterfaceOrientationLandscapeLeft UIInterfaceOrientationLandscapeRight";
				INFOPLIST_KEY_UISupportedInterfaceOrientations_iPhone = "UIInterfaceOrientationPortrait UIInterfaceOrientationLandscapeLeft UIInterfaceOrientationLandscapeRight";
				LD_RUNPATH_SEARCH_PATHS = (
					"$(inherited)",
					"@executable_path/Frameworks",
				);
				MARKETING_VERSION = 1.0;
				PRODUCT_BUNDLE_IDENTIFIER = com.timchi.Bootcamps;
				PRODUCT_NAME = "$(TARGET_NAME)";
				SWIFT_EMIT_LOC_STRINGS = YES;
				SWIFT_VERSION = 5.0;
				TARGETED_DEVICE_FAMILY = "1,2";
			};
			name = Debug;
		};
		D35106FC2A7798EC00503983 /* Release */ = {
			isa = XCBuildConfiguration;
			buildSettings = {
				ASSETCATALOG_COMPILER_APPICON_NAME = AppIcon;
				ASSETCATALOG_COMPILER_GLOBAL_ACCENT_COLOR_NAME = AccentColor;
				CODE_SIGN_STYLE = Automatic;
				CURRENT_PROJECT_VERSION = 1;
				DEVELOPMENT_ASSET_PATHS = "\"Bootcamps/Preview Content\"";
				DEVELOPMENT_TEAM = Z78Z73CWZJ;
				ENABLE_PREVIEWS = YES;
				GENERATE_INFOPLIST_FILE = YES;
				INFOPLIST_KEY_UIApplicationSceneManifest_Generation = YES;
				INFOPLIST_KEY_UIApplicationSupportsIndirectInputEvents = YES;
				INFOPLIST_KEY_UILaunchScreen_Generation = YES;
				INFOPLIST_KEY_UISupportedInterfaceOrientations_iPad = "UIInterfaceOrientationPortrait UIInterfaceOrientationPortraitUpsideDown UIInterfaceOrientationLandscapeLeft UIInterfaceOrientationLandscapeRight";
				INFOPLIST_KEY_UISupportedInterfaceOrientations_iPhone = "UIInterfaceOrientationPortrait UIInterfaceOrientationLandscapeLeft UIInterfaceOrientationLandscapeRight";
				LD_RUNPATH_SEARCH_PATHS = (
					"$(inherited)",
					"@executable_path/Frameworks",
				);
				MARKETING_VERSION = 1.0;
				PRODUCT_BUNDLE_IDENTIFIER = com.timchi.Bootcamps;
				PRODUCT_NAME = "$(TARGET_NAME)";
				SWIFT_EMIT_LOC_STRINGS = YES;
				SWIFT_VERSION = 5.0;
				TARGETED_DEVICE_FAMILY = "1,2";
			};
			name = Release;
		};
/* End XCBuildConfiguration section */

/* Begin XCConfigurationList section */
		D35106E72A7798EA00503983 /* Build configuration list for PBXProject "Bootcamps" */ = {
			isa = XCConfigurationList;
			buildConfigurations = (
				D35106F82A7798EC00503983 /* Debug */,
				D35106F92A7798EC00503983 /* Release */,
			);
			defaultConfigurationIsVisible = 0;
			defaultConfigurationName = Release;
		};
		D35106FA2A7798EC00503983 /* Build configuration list for PBXNativeTarget "Bootcamps" */ = {
			isa = XCConfigurationList;
			buildConfigurations = (
				D35106FB2A7798EC00503983 /* Debug */,
				D35106FC2A7798EC00503983 /* Release */,
			);
			defaultConfigurationIsVisible = 0;
			defaultConfigurationName = Release;
		};
/* End XCConfigurationList section */
	};
	rootObject = D35106E42A7798EA00503983 /* Project object */;
}
